{
  "name": "node",
  "version": "1.0.0",
  "lockfileVersion": 1,
  "requires": true,
  "dependencies": {
    "@babel/runtime": {
      "version": "7.18.6",
      "resolved": "https://registry.npmjs.org/@babel/runtime/-/runtime-7.18.6.tgz",
      "integrity": "sha512-t9wi7/AW6XtKahAe20Yw0/mMljKq0B1r2fPdvaAdV/KPDZewFXdaaa6K7lxmZBZ8FBNpCiAT6iHPmd6QO9bKfQ==",
      "requires": {
        "regenerator-runtime": "^0.13.4"
      }
    },
    "@noble/hashes": {
      "version": "1.1.2",
      "resolved": "https://registry.npmjs.org/@noble/hashes/-/hashes-1.1.2.tgz",
      "integrity": "sha512-KYRCASVTv6aeUi1tsF8/vpyR7zpfs3FUzy2Jqm+MU+LmUKhQ0y2FpfwqkCcxSg2ua4GALJd8k2R76WxwZGbQpA=="
    },
    "@noble/secp256k1": {
      "version": "1.6.0",
      "resolved": "https://registry.npmjs.org/@noble/secp256k1/-/secp256k1-1.6.0.tgz",
      "integrity": "sha512-DWSsg8zMHOYMYBqIQi96BQuthZrp98LCeMNcUOaffCIVYQ5yxDbNikLF+H7jEnmNNmXbtVic46iCuVWzar+MgA=="
    },
    "@polkadot/api": {
      "version": "8.11.1",
      "resolved": "https://registry.npmjs.org/@polkadot/api/-/api-8.11.1.tgz",
      "integrity": "sha512-jNZoLyvwMU/22CWt1WjU2LS4OJ4DPwuRmb1l1L5pqPSWRvtPX/6Vf64kfRvqPieRiM0fNFEE+6Ssx9qmf5vAKQ==",
      "requires": {
        "@babel/runtime": "^7.18.6",
        "@polkadot/api-augment": "8.11.1",
        "@polkadot/api-base": "8.11.1",
        "@polkadot/api-derive": "8.11.1",
        "@polkadot/keyring": "^9.7.1",
        "@polkadot/rpc-augment": "8.11.1",
        "@polkadot/rpc-core": "8.11.1",
        "@polkadot/rpc-provider": "8.11.1",
        "@polkadot/types": "8.11.1",
        "@polkadot/types-augment": "8.11.1",
        "@polkadot/types-codec": "8.11.1",
        "@polkadot/types-create": "8.11.1",
        "@polkadot/types-known": "8.11.1",
        "@polkadot/util": "^9.7.1",
        "@polkadot/util-crypto": "^9.7.1",
        "eventemitter3": "^4.0.7",
        "rxjs": "^7.5.5"
      }
    },
    "@polkadot/api-augment": {
      "version": "8.11.1",
      "resolved": "https://registry.npmjs.org/@polkadot/api-augment/-/api-augment-8.11.1.tgz",
      "integrity": "sha512-g6Cd60VkfIDsY76KOJW+dGcRZmCnaC5ox0YfvAMxqJ6/wHhsCOxlrQXY5Oi7eU23CaU6TQ3mCrTJxVgJRI159w==",
      "requires": {
        "@babel/runtime": "^7.18.6",
        "@polkadot/api-base": "8.11.1",
        "@polkadot/rpc-augment": "8.11.1",
        "@polkadot/types": "8.11.1",
        "@polkadot/types-augment": "8.11.1",
        "@polkadot/types-codec": "8.11.1",
        "@polkadot/util": "^9.7.1"
      }
    },
    "@polkadot/api-base": {
      "version": "8.11.1",
      "resolved": "https://registry.npmjs.org/@polkadot/api-base/-/api-base-8.11.1.tgz",
      "integrity": "sha512-KK1ohQ42znEVRyPSGGtzUomcW9AgyjxkBVJr/NerG52U5TFoGPjB0er9PEBWseGGpL0eznpB6gEWe/zSPK8MWw==",
      "requires": {
        "@babel/runtime": "^7.18.6",
        "@polkadot/rpc-core": "8.11.1",
        "@polkadot/types": "8.11.1",
        "@polkadot/util": "^9.7.1",
        "rxjs": "^7.5.5"
      }
    },
    "@polkadot/api-contract": {
      "version": "8.11.1",
      "resolved": "https://registry.npmjs.org/@polkadot/api-contract/-/api-contract-8.11.1.tgz",
      "integrity": "sha512-w+K7mhXqr6saRVW+5wQa0HbTsHZ3HkFgDm5HIT3KKDr6s6ZjBtfuV+Gco1EJjj6Z1GIe4ReRoh34sIrHt5Chpw==",
      "requires": {
        "@babel/runtime": "^7.18.6",
        "@polkadot/api": "8.11.1",
        "@polkadot/types": "8.11.1",
        "@polkadot/types-codec": "8.11.1",
        "@polkadot/types-create": "8.11.1",
        "@polkadot/util": "^9.7.1",
        "@polkadot/util-crypto": "^9.7.1",
        "rxjs": "^7.5.5"
      }
    },
    "@polkadot/api-derive": {
      "version": "8.11.1",
      "resolved": "https://registry.npmjs.org/@polkadot/api-derive/-/api-derive-8.11.1.tgz",
      "integrity": "sha512-XQ+g+m7cSjT7y9BiBn7vG0gueWrwQPbzLYjQCzxU9C+EqTv3UJrVKB5N04iZPzezUIHL94S3VEaeWyqOXpddjw==",
      "requires": {
        "@babel/runtime": "^7.18.6",
        "@polkadot/api": "8.11.1",
        "@polkadot/api-augment": "8.11.1",
        "@polkadot/api-base": "8.11.1",
        "@polkadot/rpc-core": "8.11.1",
        "@polkadot/types": "8.11.1",
        "@polkadot/types-codec": "8.11.1",
        "@polkadot/util": "^9.7.1",
        "@polkadot/util-crypto": "^9.7.1",
        "rxjs": "^7.5.5"
      }
    },
    "@polkadot/keyring": {
      "version": "9.7.1",
      "resolved": "https://registry.npmjs.org/@polkadot/keyring/-/keyring-9.7.1.tgz",
      "integrity": "sha512-INTTaEZz/bco6LwCq4rHFT84QtFod1kAWtI6eHa9Hh6gwJt35s7xYh1x1gYLentvUcRBUecL/OikVFJGLTN4Uw==",
      "requires": {
        "@babel/runtime": "^7.18.6",
        "@polkadot/util": "9.7.1",
        "@polkadot/util-crypto": "9.7.1"
      }
    },
    "@polkadot/networks": {
      "version": "9.7.1",
      "resolved": "https://registry.npmjs.org/@polkadot/networks/-/networks-9.7.1.tgz",
      "integrity": "sha512-Vnks07JRyso8h3nFUQwfdf+UZFeQDXr41DdVCKsU5ojhbXwZkbaB00L58lF9QQMCey+8eGBThvz2Awnqhm0m6w==",
      "requires": {
        "@babel/runtime": "^7.18.6",
        "@polkadot/util": "9.7.1",
        "@substrate/ss58-registry": "^1.23.0"
      }
    },
    "@polkadot/rpc-augment": {
      "version": "8.11.1",
      "resolved": "https://registry.npmjs.org/@polkadot/rpc-augment/-/rpc-augment-8.11.1.tgz",
      "integrity": "sha512-6yQvLCb6YNdeHM2zdyucbcHdw4X12jSu0DFj53ftRfHk6n9VBesfLHy7EFW8Y2uLcIwbm6b2hJ8G36zynSSUGg==",
      "requires": {
        "@babel/runtime": "^7.18.6",
        "@polkadot/rpc-core": "8.11.1",
        "@polkadot/types": "8.11.1",
        "@polkadot/types-codec": "8.11.1",
        "@polkadot/util": "^9.7.1"
      }
    },
    "@polkadot/rpc-core": {
      "version": "8.11.1",
      "resolved": "https://registry.npmjs.org/@polkadot/rpc-core/-/rpc-core-8.11.1.tgz",
      "integrity": "sha512-9UVDxMx5gU0rgi9YrQL5QVxKsPtHo/u/B24LqS5qKlAr3e6G9XpWhByM1T97Z320Lj4TCKOurvG1PwuvMdvZCQ==",
      "requires": {
        "@babel/runtime": "^7.18.6",
        "@polkadot/rpc-augment": "8.11.1",
        "@polkadot/rpc-provider": "8.11.1",
        "@polkadot/types": "8.11.1",
        "@polkadot/util": "^9.7.1",
        "rxjs": "^7.5.5"
      }
    },
    "@polkadot/rpc-provider": {
      "version": "8.11.1",
      "resolved": "https://registry.npmjs.org/@polkadot/rpc-provider/-/rpc-provider-8.11.1.tgz",
      "integrity": "sha512-XDKeNknyMH3HAOfXX/KOe1FKLTeQSa32lbvXtxVS2B1rTzwYJmay/A0ECzKyiZSlr6nFOVOe3WhSXkISOBsq7Q==",
      "requires": {
        "@babel/runtime": "^7.18.6",
        "@polkadot/keyring": "^9.7.1",
        "@polkadot/types": "8.11.1",
        "@polkadot/types-support": "8.11.1",
        "@polkadot/util": "^9.7.1",
        "@polkadot/util-crypto": "^9.7.1",
        "@polkadot/x-fetch": "^9.7.1",
        "@polkadot/x-global": "^9.7.1",
        "@polkadot/x-ws": "^9.7.1",
        "@substrate/connect": "0.7.7",
        "eventemitter3": "^4.0.7",
        "mock-socket": "^9.1.5",
        "nock": "^13.2.8"
      }
    },
    "@polkadot/types": {
      "version": "8.11.1",
      "resolved": "https://registry.npmjs.org/@polkadot/types/-/types-8.11.1.tgz",
      "integrity": "sha512-E64UYDRRGFuMy0AfTDd2RLwx/YMbQ8rwVR+LJvH+yQuUcl+GsTqRu7cNpFulUew0sh45efK/oeb4Bh0BNo6AlA==",
      "requires": {
        "@babel/runtime": "^7.18.6",
        "@polkadot/keyring": "^9.7.1",
        "@polkadot/types-augment": "8.11.1",
        "@polkadot/types-codec": "8.11.1",
        "@polkadot/types-create": "8.11.1",
        "@polkadot/util": "^9.7.1",
        "@polkadot/util-crypto": "^9.7.1",
        "rxjs": "^7.5.5"
      }
    },
    "@polkadot/types-augment": {
      "version": "8.11.1",
      "resolved": "https://registry.npmjs.org/@polkadot/types-augment/-/types-augment-8.11.1.tgz",
      "integrity": "sha512-p2SUjNaHNm6sbEH3iw4GHiMK1xpZV5m4foA4ZPDfLHAs9UBk1bHG+9CR2WtxuIpKBaqKs3/vXkxYcFVrQREo1g==",
      "requires": {
        "@babel/runtime": "^7.18.6",
        "@polkadot/types": "8.11.1",
        "@polkadot/types-codec": "8.11.1",
        "@polkadot/util": "^9.7.1"
      }
    },
    "@polkadot/types-codec": {
      "version": "8.11.1",
      "resolved": "https://registry.npmjs.org/@polkadot/types-codec/-/types-codec-8.11.1.tgz",
      "integrity": "sha512-Re+lKZGYKBkOkoUSnrEYq3Z07Op2FdWmf5JN6B7EyIILqKVZqaikBTA/PxciLNoMBV2ysGWncigMsW0P6ZVV6w==",
      "requires": {
        "@babel/runtime": "^7.18.6",
        "@polkadot/util": "^9.7.1",
        "@polkadot/x-bigint": "^9.7.1"
      }
    },
    "@polkadot/types-create": {
      "version": "8.11.1",
      "resolved": "https://registry.npmjs.org/@polkadot/types-create/-/types-create-8.11.1.tgz",
      "integrity": "sha512-e2qVepQvsk6g8nAGRECNuzOlJLQjvaNgq6DWi9IaV+3OrR0e8tRixPFaU5M9A+5sr2tAokC8eos6r5Lmi+WiqA==",
      "requires": {
        "@babel/runtime": "^7.18.6",
        "@polkadot/types-codec": "8.11.1",
        "@polkadot/util": "^9.7.1"
      }
    },
    "@polkadot/types-known": {
      "version": "8.11.1",
      "resolved": "https://registry.npmjs.org/@polkadot/types-known/-/types-known-8.11.1.tgz",
      "integrity": "sha512-bH7U5dK/EV/iOuy8KsfiQkFaXnIQwu5fSetPLm9ry35BZSKZH1D58249dzR0NYFqERvI2cReX4iH8kEtl8XFjw==",
      "requires": {
        "@babel/runtime": "^7.18.6",
        "@polkadot/networks": "^9.7.1",
        "@polkadot/types": "8.11.1",
        "@polkadot/types-codec": "8.11.1",
        "@polkadot/types-create": "8.11.1",
        "@polkadot/util": "^9.7.1"
      }
    },
    "@polkadot/types-support": {
      "version": "8.11.1",
      "resolved": "https://registry.npmjs.org/@polkadot/types-support/-/types-support-8.11.1.tgz",
      "integrity": "sha512-ehWEZVm9/8/XGB3YlciDCIBBLuPYL1/7mxjdR6n9oY629XFgNfqyVOuyKuTCca9CpOmJWuLDZIUR8/VG+XhsBw==",
      "requires": {
        "@babel/runtime": "^7.18.6",
        "@polkadot/util": "^9.7.1"
      }
    },
    "@polkadot/ui-keyring": {
      "version": "2.7.1",
      "resolved": "https://registry.npmjs.org/@polkadot/ui-keyring/-/ui-keyring-2.7.1.tgz",
      "integrity": "sha512-CmbIgS1/Cfw/A2S6atBXi5fWE812VG2wnz3jotXFos5IrHsNUzZmP/5SRgrfCzGhqPmkDx8CryTnOXJ0r056iw==",
      "requires": {
        "@babel/runtime": "^7.18.6",
        "@polkadot/keyring": "^9.7.1",
        "@polkadot/ui-settings": "2.7.1",
        "@polkadot/util": "^9.7.1",
        "@polkadot/util-crypto": "^9.7.1",
        "mkdirp": "^1.0.4",
        "rxjs": "^7.5.5",
        "store": "^2.0.12"
      }
    },
    "@polkadot/ui-settings": {
      "version": "2.7.1",
      "resolved": "https://registry.npmjs.org/@polkadot/ui-settings/-/ui-settings-2.7.1.tgz",
      "integrity": "sha512-bSKwZVlTTAI/+RKIYQWizB5vgJ8J5t2TEKtuuBu3HTybR8S1AsdikKl8TNJDnGmhDr1QgJf0yhSFqkhm2vLlyQ==",
      "requires": {
        "@babel/runtime": "^7.18.6",
        "@polkadot/networks": "^9.7.1",
        "@polkadot/util": "^9.7.1",
        "eventemitter3": "^4.0.7",
        "store": "^2.0.12"
      }
    },
    "@polkadot/util": {
      "version": "9.7.1",
      "resolved": "https://registry.npmjs.org/@polkadot/util/-/util-9.7.1.tgz",
      "integrity": "sha512-NWKcwBWneMBSFUkYN4eWeS159880Xmt69s+WhEPgyw6Bbj0jumKiS5AhL/uU2PC1nUBcisiYr18/1e4lWxOPQg==",
      "requires": {
        "@babel/runtime": "^7.18.6",
        "@polkadot/x-bigint": "9.7.1",
        "@polkadot/x-global": "9.7.1",
        "@polkadot/x-textdecoder": "9.7.1",
        "@polkadot/x-textencoder": "9.7.1",
        "@types/bn.js": "^5.1.0",
        "bn.js": "^5.2.1",
        "ip-regex": "^4.3.0"
      }
    },
    "@polkadot/util-crypto": {
      "version": "9.7.1",
      "resolved": "https://registry.npmjs.org/@polkadot/util-crypto/-/util-crypto-9.7.1.tgz",
      "integrity": "sha512-NPy/EcgGdpz2NXEHU5x3e4bea67snT2TSxx1ok9weSpwCMnhIkk45QQOMOGzJ0hrAXAdofmkFYz3ibEd7bNzIQ==",
      "requires": {
        "@babel/runtime": "^7.18.6",
        "@noble/hashes": "1.1.2",
        "@noble/secp256k1": "1.6.0",
        "@polkadot/networks": "9.7.1",
        "@polkadot/util": "9.7.1",
        "@polkadot/wasm-crypto": "^6.2.1",
        "@polkadot/x-bigint": "9.7.1",
        "@polkadot/x-randomvalues": "9.7.1",
        "@scure/base": "1.1.1",
        "ed2curve": "^0.3.0",
        "tweetnacl": "^1.0.3"
      }
    },
    "@polkadot/wasm-bridge": {
      "version": "6.2.1",
      "resolved": "https://registry.npmjs.org/@polkadot/wasm-bridge/-/wasm-bridge-6.2.1.tgz",
      "integrity": "sha512-Q/TWfKPBDdAHTPgzjn5uxivxqZsTt6Fml+o/K6GuGmYqT4wbkWBN5+BVFawgcJqjnhzvJ8+Pocfzb/IwqYfsPQ==",
      "requires": {
        "@babel/runtime": "^7.18.6"
      }
    },
    "@polkadot/wasm-crypto": {
      "version": "6.2.1",
      "resolved": "https://registry.npmjs.org/@polkadot/wasm-crypto/-/wasm-crypto-6.2.1.tgz",
      "integrity": "sha512-euUsn/HYC4/2wrSBZrcKn4Hg59r8YrINrh2L/I6ID9SjzHFRlEeStRarnRvlkZS6ihnVQZbRtNrJKvgceik0uQ==",
      "requires": {
        "@babel/runtime": "^7.18.6",
        "@polkadot/wasm-bridge": "6.2.1",
        "@polkadot/wasm-crypto-asmjs": "6.2.1",
        "@polkadot/wasm-crypto-init": "6.2.1",
        "@polkadot/wasm-crypto-wasm": "6.2.1",
        "@polkadot/wasm-util": "6.2.1"
      }
    },
    "@polkadot/wasm-crypto-asmjs": {
      "version": "6.2.1",
      "resolved": "https://registry.npmjs.org/@polkadot/wasm-crypto-asmjs/-/wasm-crypto-asmjs-6.2.1.tgz",
      "integrity": "sha512-YCCe0fPO/TDd+PGrQfQc4KPuZFKdtYYy6prJW+mM4oNm6VCrlUNFGEpu/mNUIGleihVKaSC8cA0eQfj7oUa4GA==",
      "requires": {
        "@babel/runtime": "^7.18.6"
      }
    },
    "@polkadot/wasm-crypto-init": {
      "version": "6.2.1",
      "resolved": "https://registry.npmjs.org/@polkadot/wasm-crypto-init/-/wasm-crypto-init-6.2.1.tgz",
      "integrity": "sha512-hVgd2HU3gWzx1yf+6nsCJ2oSQaNCPcTZfbGBT+QPM9osXQidf1vIVTp2w+Q6LB1pgIzrEh87LFF3CGo4RrdtAQ==",
      "requires": {
        "@babel/runtime": "^7.18.6",
        "@polkadot/wasm-bridge": "6.2.1",
        "@polkadot/wasm-crypto-asmjs": "6.2.1",
        "@polkadot/wasm-crypto-wasm": "6.2.1"
      }
    },
    "@polkadot/wasm-crypto-wasm": {
      "version": "6.2.1",
      "resolved": "https://registry.npmjs.org/@polkadot/wasm-crypto-wasm/-/wasm-crypto-wasm-6.2.1.tgz",
      "integrity": "sha512-hIKjPyvPb5msLZTFJZTM+/QI94UnCBXhZHfrbUI7ooBsll3vo9+Vm4va4g7AxH2BIeGp8EZEn0hVNdtnVC2Puw==",
      "requires": {
        "@babel/runtime": "^7.18.6",
        "@polkadot/wasm-util": "6.2.1"
      }
    },
    "@polkadot/wasm-util": {
      "version": "6.2.1",
      "resolved": "https://registry.npmjs.org/@polkadot/wasm-util/-/wasm-util-6.2.1.tgz",
      "integrity": "sha512-4CYCB0ewC+IX74AOSwmmq05ki+TM9PZl+AZ96GjyFpLbjK8Pk9N72U9GSs6aamgL/uMRqct5EeA0ToUTPFQarw==",
      "requires": {
        "@babel/runtime": "^7.18.6"
      }
    },
    "@polkadot/x-bigint": {
      "version": "9.7.1",
      "resolved": "https://registry.npmjs.org/@polkadot/x-bigint/-/x-bigint-9.7.1.tgz",
      "integrity": "sha512-srgRaGnhtMki58Js0LK6di842T/0tM/NahcYWe48D7/sgtGJDD81iuHJ9LSGdAzOQaVUh0yiYgE9/mscxz82cw==",
      "requires": {
        "@babel/runtime": "^7.18.6",
        "@polkadot/x-global": "9.7.1"
      }
    },
    "@polkadot/x-fetch": {
      "version": "9.7.1",
      "resolved": "https://registry.npmjs.org/@polkadot/x-fetch/-/x-fetch-9.7.1.tgz",
      "integrity": "sha512-A9arlH0n8QZ7aU15gsw4DA89oGcwJVwdYxeH0mElXNa82NpWdJVSoIyU7sHO0GGyJQDLMGkyD1CD0H7lUmLCew==",
      "requires": {
        "@babel/runtime": "^7.18.6",
        "@polkadot/x-global": "9.7.1",
        "@types/node-fetch": "^2.6.2",
        "node-fetch": "^2.6.7"
      }
    },
    "@polkadot/x-global": {
      "version": "9.7.1",
      "resolved": "https://registry.npmjs.org/@polkadot/x-global/-/x-global-9.7.1.tgz",
      "integrity": "sha512-hadWnVKrSbUg5dKXREVbLNJhsA1n5lKtsDgdeyu7b73oI+aRFuv+no5l7Z57F1vQWjTvCnHRj0Fg7l0ZWmV4Jg==",
      "requires": {
        "@babel/runtime": "^7.18.6"
      }
    },
    "@polkadot/x-randomvalues": {
      "version": "9.7.1",
      "resolved": "https://registry.npmjs.org/@polkadot/x-randomvalues/-/x-randomvalues-9.7.1.tgz",
      "integrity": "sha512-RLVLg2GthcIvUXSxPYCc0fPIMdp/FlEeNaDzncqQ63P5mQ3HpWfVHzaKi5rPuA+oQuPjUAAi2QvDmPuPN3SXlQ==",
      "requires": {
        "@babel/runtime": "^7.18.6",
        "@polkadot/x-global": "9.7.1"
      }
    },
    "@polkadot/x-textdecoder": {
      "version": "9.7.1",
      "resolved": "https://registry.npmjs.org/@polkadot/x-textdecoder/-/x-textdecoder-9.7.1.tgz",
      "integrity": "sha512-g+OfP9t8ar9IJseQXaZ3cw9Ws2o0csY5rPXqd7GWtCMuEmllssRyje49GjLhNEVEsy97x5vXB2UJLNUxnNqiCw==",
      "requires": {
        "@babel/runtime": "^7.18.6",
        "@polkadot/x-global": "9.7.1"
      }
    },
    "@polkadot/x-textencoder": {
      "version": "9.7.1",
      "resolved": "https://registry.npmjs.org/@polkadot/x-textencoder/-/x-textencoder-9.7.1.tgz",
      "integrity": "sha512-IMRCsHmPfnqPpO1XtWH+aPDeG6POoAFDLVG7gkPaEZd2rwWI7sJAB+8jeqoQH5ENBTKyMqTbPM02UDhH4eTXHg==",
      "requires": {
        "@babel/runtime": "^7.18.6",
        "@polkadot/x-global": "9.7.1"
      }
    },
    "@polkadot/x-ws": {
      "version": "9.7.1",
      "resolved": "https://registry.npmjs.org/@polkadot/x-ws/-/x-ws-9.7.1.tgz",
      "integrity": "sha512-ZxlEGkfNzC1BXEXFu7xrT0tZAnMqU+ahZaeQAJ7omT9H12djPAVuL3X/L/YYTuyFTB1mpYrJb5dpmMnutSQ0bQ==",
      "requires": {
        "@babel/runtime": "^7.18.6",
        "@polkadot/x-global": "9.7.1",
        "@types/websocket": "^1.0.5",
        "websocket": "^1.0.34"
      }
    },
    "@scure/base": {
      "version": "1.1.1",
      "resolved": "https://registry.npmjs.org/@scure/base/-/base-1.1.1.tgz",
      "integrity": "sha512-ZxOhsSyxYwLJj3pLZCefNitxsj093tb2vq90mp2txoYeBqbcjDjqFhyM8eUjq/uFm6zJ+mUuqxlS2FkuSY1MTA=="
    },
    "@substrate/connect": {
      "version": "0.7.7",
      "resolved": "https://registry.npmjs.org/@substrate/connect/-/connect-0.7.7.tgz",
      "integrity": "sha512-uFRF06lC42ZZixxwkzRB61K1uYvR1cTZ7rI98RW7T+eWbCFrafyVk0pk6J+4oN05gZkhou+VK3hrRCU6Doy2xQ==",
      "requires": {
        "@substrate/connect-extension-protocol": "^1.0.0",
        "@substrate/smoldot-light": "0.6.19",
        "eventemitter3": "^4.0.7"
      }
    },
    "@substrate/connect-extension-protocol": {
      "version": "1.0.0",
      "resolved": "https://registry.npmjs.org/@substrate/connect-extension-protocol/-/connect-extension-protocol-1.0.0.tgz",
      "integrity": "sha512-nFVuKdp71hMd/MGlllAOh+a2hAqt8m6J2G0aSsS/RcALZexxF9jodbFc62ni8RDtJboeOfXAHhenYOANvJKPIg=="
    },
    "@substrate/smoldot-light": {
      "version": "0.6.19",
      "resolved": "https://registry.npmjs.org/@substrate/smoldot-light/-/smoldot-light-0.6.19.tgz",
      "integrity": "sha512-Xi+v1cdURhTwx7NH+9fa1U9m7VGP61GvB6qwev9HrZXlGbQiUIvySxPlH/LMsq3mwgiRYkokPhcaZEHufY7Urg==",
      "requires": {
        "buffer": "^6.0.1",
        "pako": "^2.0.4",
        "websocket": "^1.0.32"
      }
    },
    "@substrate/ss58-registry": {
      "version": "1.23.0",
      "resolved": "https://registry.npmjs.org/@substrate/ss58-registry/-/ss58-registry-1.23.0.tgz",
      "integrity": "sha512-LuQje7n48GXSsp1aGI6UEmNVtlh7OzQ6CN1Hd9VGUrshADwMB0lRZ5bxnffmqDR4vVugI7h0NN0AONhIW1eHGg=="
    },
    "@types/bn.js": {
      "version": "5.1.0",
      "resolved": "https://registry.npmjs.org/@types/bn.js/-/bn.js-5.1.0.tgz",
      "integrity": "sha512-QSSVYj7pYFN49kW77o2s9xTCwZ8F2xLbjLLSEVh8D2F4JUhZtPAGOFLTD+ffqksBx/u4cE/KImFjyhqCjn/LIA==",
      "requires": {
        "@types/node": "*"
      }
    },
    "@types/node": {
      "version": "18.0.0",
      "resolved": "https://registry.npmjs.org/@types/node/-/node-18.0.0.tgz",
      "integrity": "sha512-cHlGmko4gWLVI27cGJntjs/Sj8th9aYwplmZFwmmgYQQvL5NUsgVJG7OddLvNfLqYS31KFN0s3qlaD9qCaxACA=="
    },
    "@types/node-fetch": {
      "version": "2.6.2",
      "resolved": "https://registry.npmjs.org/@types/node-fetch/-/node-fetch-2.6.2.tgz",
      "integrity": "sha512-DHqhlq5jeESLy19TYhLakJ07kNumXWjcDdxXsLUMJZ6ue8VZJj4kLPQVE/2mdHh3xZziNF1xppu5lwmS53HR+A==",
      "requires": {
        "@types/node": "*",
        "form-data": "^3.0.0"
      }
    },
    "@types/websocket": {
      "version": "1.0.5",
      "resolved": "https://registry.npmjs.org/@types/websocket/-/websocket-1.0.5.tgz",
      "integrity": "sha512-NbsqiNX9CnEfC1Z0Vf4mE1SgAJ07JnRYcNex7AJ9zAVzmiGHmjKFEk7O4TJIsgv2B1sLEb6owKFZrACwdYngsQ==",
      "requires": {
        "@types/node": "*"
      }
    },
    "asynckit": {
      "version": "0.4.0",
      "resolved": "https://registry.npmjs.org/asynckit/-/asynckit-0.4.0.tgz",
      "integrity": "sha512-Oei9OH4tRh0YqU3GxhX79dM/mwVgvbZJaSNaRk+bshkj0S5cfHcgYakreBjrHwatXKbz+IoIdYLxrKim2MjW0Q=="
    },
    "axios": {
      "version": "0.27.2",
      "resolved": "https://registry.npmjs.org/axios/-/axios-0.27.2.tgz",
      "integrity": "sha512-t+yRIyySRTp/wua5xEr+z1q60QmLq8ABsS5O9Me1AsE5dfKqgnCFzwiCZZ/cGNd1lq4/7akDWMxdhVlucjmnOQ==",
      "requires": {
        "follow-redirects": "^1.14.9",
        "form-data": "^4.0.0"
      },
      "dependencies": {
        "form-data": {
          "version": "4.0.0",
          "resolved": "https://registry.npmjs.org/form-data/-/form-data-4.0.0.tgz",
          "integrity": "sha512-ETEklSGi5t0QMZuiXoA/Q6vcnxcLQP5vdugSpuAyi6SVGi2clPPp+xgEhuMaHC+zGgn31Kd235W35f7Hykkaww==",
          "requires": {
            "asynckit": "^0.4.0",
            "combined-stream": "^1.0.8",
            "mime-types": "^2.1.12"
          }
        }
      }
    },
    "base64-js": {
      "version": "1.5.1",
      "resolved": "https://registry.npmjs.org/base64-js/-/base64-js-1.5.1.tgz",
      "integrity": "sha512-AKpaYlHn8t4SVbOHCy+b5+KKgvR4vrsD8vbvrbiQJps7fKDTkjkDry6ji0rUJjC0kzbNePLwzxq8iypo41qeWA=="
    },
    "bn.js": {
      "version": "5.2.1",
      "resolved": "https://registry.npmjs.org/bn.js/-/bn.js-5.2.1.tgz",
      "integrity": "sha512-eXRvHzWyYPBuB4NBy0cmYQjGitUrtqwbvlzP3G6VFnNRbsZQIxQ10PbKKHt8gZ/HW/D/747aDl+QkDqg3KQLMQ=="
    },
    "buffer": {
      "version": "6.0.3",
      "resolved": "https://registry.npmjs.org/buffer/-/buffer-6.0.3.tgz",
      "integrity": "sha512-FTiCpNxtwiZZHEZbcbTIcZjERVICn9yq/pDFkTl95/AxzD1naBctN7YO68riM/gLSDY7sdrMby8hofADYuuqOA==",
      "requires": {
        "base64-js": "^1.3.1",
        "ieee754": "^1.2.1"
      }
    },
    "bufferutil": {
      "version": "4.0.6",
      "resolved": "https://registry.npmjs.org/bufferutil/-/bufferutil-4.0.6.tgz",
      "integrity": "sha512-jduaYOYtnio4aIAyc6UbvPCVcgq7nYpVnucyxr6eCYg/Woad9Hf/oxxBRDnGGjPfjUm6j5O/uBWhIu4iLebFaw==",
      "requires": {
        "node-gyp-build": "^4.3.0"
      }
    },
    "combined-stream": {
      "version": "1.0.8",
      "resolved": "https://registry.npmjs.org/combined-stream/-/combined-stream-1.0.8.tgz",
      "integrity": "sha512-FQN4MRfuJeHf7cBbBMJFXhKSDq+2kAArBlmRBvcvFE5BB1HZKXtSFASDhdlz9zOYwxh8lDdnvmMOe/+5cdoEdg==",
      "requires": {
        "delayed-stream": "~1.0.0"
      }
    },
    "d": {
      "version": "1.0.1",
      "resolved": "https://registry.npmjs.org/d/-/d-1.0.1.tgz",
      "integrity": "sha512-m62ShEObQ39CfralilEQRjH6oAMtNCV1xJyEx5LpRYUVN+EviphDgUc/F3hnYbADmkiNs67Y+3ylmlG7Lnu+FA==",
      "requires": {
        "es5-ext": "^0.10.50",
        "type": "^1.0.1"
      }
    },
    "debug": {
      "version": "2.6.9",
      "resolved": "https://registry.npmjs.org/debug/-/debug-2.6.9.tgz",
      "integrity": "sha512-bC7ElrdJaJnPbAP+1EotYvqZsb3ecl5wi6Bfi6BJTUcNowp6cvspg0jXznRTKDjm/E7AdgFBVeAPVMNcKGsHMA==",
      "requires": {
        "ms": "2.0.0"
      }
    },
    "delayed-stream": {
      "version": "1.0.0",
      "resolved": "https://registry.npmjs.org/delayed-stream/-/delayed-stream-1.0.0.tgz",
      "integrity": "sha512-ZySD7Nf91aLB0RxL4KGrKHBXl7Eds1DAmEdcoVawXnLD7SDhpNgtuII2aAkg7a7QS41jxPSZ17p4VdGnMHk3MQ=="
    },
    "dotenv": {
      "version": "16.0.1",
      "resolved": "https://registry.npmjs.org/dotenv/-/dotenv-16.0.1.tgz",
      "integrity": "sha512-1K6hR6wtk2FviQ4kEiSjFiH5rpzEVi8WW0x96aztHVMhEspNpc4DVOUTEHtEva5VThQ8IaBX1Pe4gSzpVVUsKQ=="
    },
    "ed2curve": {
      "version": "0.3.0",
      "resolved": "https://registry.npmjs.org/ed2curve/-/ed2curve-0.3.0.tgz",
      "integrity": "sha512-8w2fmmq3hv9rCrcI7g9hms2pMunQr1JINfcjwR9tAyZqhtyaMN991lF/ZfHfr5tzZQ8c7y7aBgZbjfbd0fjFwQ==",
      "requires": {
        "tweetnacl": "1.x.x"
      }
    },
    "es5-ext": {
      "version": "0.10.61",
      "resolved": "https://registry.npmjs.org/es5-ext/-/es5-ext-0.10.61.tgz",
      "integrity": "sha512-yFhIqQAzu2Ca2I4SE2Au3rxVfmohU9Y7wqGR+s7+H7krk26NXhIRAZDgqd6xqjCEFUomDEA3/Bo/7fKmIkW1kA==",
      "requires": {
        "es6-iterator": "^2.0.3",
        "es6-symbol": "^3.1.3",
        "next-tick": "^1.1.0"
      }
    },
    "es6-iterator": {
      "version": "2.0.3",
      "resolved": "https://registry.npmjs.org/es6-iterator/-/es6-iterator-2.0.3.tgz",
      "integrity": "sha512-zw4SRzoUkd+cl+ZoE15A9o1oQd920Bb0iOJMQkQhl3jNc03YqVjAhG7scf9C5KWRU/R13Orf588uCC6525o02g==",
      "requires": {
        "d": "1",
        "es5-ext": "^0.10.35",
        "es6-symbol": "^3.1.1"
      }
    },
    "es6-symbol": {
      "version": "3.1.3",
      "resolved": "https://registry.npmjs.org/es6-symbol/-/es6-symbol-3.1.3.tgz",
      "integrity": "sha512-NJ6Yn3FuDinBaBRWl/q5X/s4koRHBrgKAu+yGI6JCBeiu3qrcbJhwT2GeR/EXVfylRk8dpQVJoLEFhK+Mu31NA==",
      "requires": {
        "d": "^1.0.1",
        "ext": "^1.1.2"
      }
    },
    "eventemitter3": {
      "version": "4.0.7",
      "resolved": "https://registry.npmjs.org/eventemitter3/-/eventemitter3-4.0.7.tgz",
      "integrity": "sha512-8guHBZCwKnFhYdHr2ysuRWErTwhoN2X8XELRlrRwpmfeY2jjuUN4taQMsULKUVo1K4DvZl+0pgfyoysHxvmvEw=="
    },
    "ext": {
      "version": "1.6.0",
      "resolved": "https://registry.npmjs.org/ext/-/ext-1.6.0.tgz",
      "integrity": "sha512-sdBImtzkq2HpkdRLtlLWDa6w4DX22ijZLKx8BMPUuKe1c5lbN6xwQDQCxSfxBQnHZ13ls/FH0MQZx/q/gr6FQg==",
      "requires": {
        "type": "^2.5.0"
      },
      "dependencies": {
        "type": {
          "version": "2.6.0",
          "resolved": "https://registry.npmjs.org/type/-/type-2.6.0.tgz",
          "integrity": "sha512-eiDBDOmkih5pMbo9OqsqPRGMljLodLcwd5XD5JbtNB0o89xZAwynY9EdCDsJU7LtcVCClu9DvM7/0Ep1hYX3EQ=="
        }
      }
    },
    "follow-redirects": {
      "version": "1.15.1",
      "resolved": "https://registry.npmjs.org/follow-redirects/-/follow-redirects-1.15.1.tgz",
      "integrity": "sha512-yLAMQs+k0b2m7cVxpS1VKJVvoz7SS9Td1zss3XRwXj+ZDH00RJgnuLx7E44wx02kQLrdM3aOOy+FpzS7+8OizA=="
    },
    "form-data": {
      "version": "3.0.1",
      "resolved": "https://registry.npmjs.org/form-data/-/form-data-3.0.1.tgz",
      "integrity": "sha512-RHkBKtLWUVwd7SqRIvCZMEvAMoGUp0XU+seQiZejj0COz3RI3hWP4sCv3gZWWLjJTd7rGwcsF5eKZGii0r/hbg==",
      "requires": {
        "asynckit": "^0.4.0",
        "combined-stream": "^1.0.8",
        "mime-types": "^2.1.12"
      }
    },
    "ieee754": {
      "version": "1.2.1",
      "resolved": "https://registry.npmjs.org/ieee754/-/ieee754-1.2.1.tgz",
      "integrity": "sha512-dcyqhDvX1C46lXZcVqCpK+FtMRQVdIMN6/Df5js2zouUsqG7I6sFxitIC+7KYK29KdXOLHdu9zL4sFnoVQnqaA=="
    },
    "ip-regex": {
      "version": "4.3.0",
      "resolved": "https://registry.npmjs.org/ip-regex/-/ip-regex-4.3.0.tgz",
      "integrity": "sha512-B9ZWJxHHOHUhUjCPrMpLD4xEq35bUTClHM1S6CBU5ixQnkZmwipwgc96vAd7AAGM9TGHvJR+Uss+/Ak6UphK+Q=="
    },
    "is-typedarray": {
      "version": "1.0.0",
      "resolved": "https://registry.npmjs.org/is-typedarray/-/is-typedarray-1.0.0.tgz",
      "integrity": "sha512-cyA56iCMHAh5CdzjJIa4aohJyeO1YbwLi3Jc35MmRU6poroFjIGZzUzupGiRPOjgHg9TLu43xbpwXk523fMxKA=="
    },
    "json-stringify-safe": {
      "version": "5.0.1",
      "resolved": "https://registry.npmjs.org/json-stringify-safe/-/json-stringify-safe-5.0.1.tgz",
      "integrity": "sha512-ZClg6AaYvamvYEE82d3Iyd3vSSIjQ+odgjaTzRuO3s7toCdFKczob2i0zCh7JE8kWn17yvAWhUVxvqGwUalsRA=="
    },
    "lodash": {
      "version": "4.17.21",
      "resolved": "https://registry.npmjs.org/lodash/-/lodash-4.17.21.tgz",
      "integrity": "sha512-v2kDEe57lecTulaDIuNTPy3Ry4gLGJ6Z1O3vE1krgXZNrsQ+LFTGHVxVjcXPs17LhbZVGedAJv8XZ1tvj5FvSg=="
    },
    "mime-db": {
      "version": "1.52.0",
      "resolved": "https://registry.npmjs.org/mime-db/-/mime-db-1.52.0.tgz",
      "integrity": "sha512-sPU4uV7dYlvtWJxwwxHD0PuihVNiE7TyAbQ5SWxDCB9mUYvOgroQOwYQQOKPJ8CIbE+1ETVlOoK1UC2nU3gYvg=="
    },
    "mime-types": {
      "version": "2.1.35",
      "resolved": "https://registry.npmjs.org/mime-types/-/mime-types-2.1.35.tgz",
      "integrity": "sha512-ZDY+bPm5zTTF+YpCrAU9nK0UgICYPT0QtT1NZWFv4s++TNkcgVaT0g6+4R2uI4MjQjzysHB1zxuWL50hzaeXiw==",
      "requires": {
        "mime-db": "1.52.0"
      }
    },
    "mkdirp": {
      "version": "1.0.4",
      "resolved": "https://registry.npmjs.org/mkdirp/-/mkdirp-1.0.4.tgz",
      "integrity": "sha512-vVqVZQyf3WLx2Shd0qJ9xuvqgAyKPLAiqITEtqW0oIUjzo3PePDd6fW9iFz30ef7Ysp/oiWqbhszeGWW2T6Gzw=="
    },
    "mock-socket": {
      "version": "9.1.5",
      "resolved": "https://registry.npmjs.org/mock-socket/-/mock-socket-9.1.5.tgz",
      "integrity": "sha512-3DeNIcsQixWHHKk6NdoBhWI4t1VMj5/HzfnI1rE/pLl5qKx7+gd4DNA07ehTaZ6MoUU053si6Hd+YtiM/tQZfg=="
    },
    "ms": {
      "version": "2.0.0",
      "resolved": "https://registry.npmjs.org/ms/-/ms-2.0.0.tgz",
      "integrity": "sha512-Tpp60P6IUJDTuOq/5Z8cdskzJujfwqfOTkrwIwj7IRISpnkJnT6SyJ4PCPnGMoFjC9ddhal5KVIYtAt97ix05A=="
    },
    "next-tick": {
      "version": "1.1.0",
      "resolved": "https://registry.npmjs.org/next-tick/-/next-tick-1.1.0.tgz",
      "integrity": "sha512-CXdUiJembsNjuToQvxayPZF9Vqht7hewsvy2sOWafLvi2awflj9mOC6bHIg50orX8IJvWKY9wYQ/zB2kogPslQ=="
    },
    "nock": {
      "version": "13.2.8",
      "resolved": "https://registry.npmjs.org/nock/-/nock-13.2.8.tgz",
      "integrity": "sha512-JT42FrXfQRpfyL4cnbBEJdf4nmBpVP0yoCcSBr+xkT8Q1y3pgtaCKHGAAOIFcEJ3O3t0QbVAmid0S0f2bj3Wpg==",
      "requires": {
        "debug": "^4.1.0",
        "json-stringify-safe": "^5.0.1",
        "lodash": "^4.17.21",
        "propagate": "^2.0.0"
      },
      "dependencies": {
        "debug": {
          "version": "4.3.4",
          "resolved": "https://registry.npmjs.org/debug/-/debug-4.3.4.tgz",
          "integrity": "sha512-PRWFHuSU3eDtQJPvnNY7Jcket1j0t5OuOsFzPPzsekD52Zl8qUfFIPEiswXqIvHWGVHOgX+7G/vCNNhehwxfkQ==",
          "requires": {
            "ms": "2.1.2"
          }
        },
        "ms": {
          "version": "2.1.2",
          "resolved": "https://registry.npmjs.org/ms/-/ms-2.1.2.tgz",
          "integrity": "sha512-sGkPx+VjMtmA6MX27oA4FBFELFCZZ4S4XqeGOXCv68tT+jb3vk/RyaKWP0PTKyWtmLSM0b+adUTEvbs1PEaH2w=="
        }
      }
    },
    "node-fetch": {
      "version": "2.6.7",
      "resolved": "https://registry.npmjs.org/node-fetch/-/node-fetch-2.6.7.tgz",
      "integrity": "sha512-ZjMPFEfVx5j+y2yF35Kzx5sF7kDzxuDj6ziH4FFbOp87zKDZNx8yExJIb05OGF4Nlt9IHFIMBkRl41VdvcNdbQ==",
      "requires": {
        "whatwg-url": "^5.0.0"
      }
    },
    "node-gyp-build": {
      "version": "4.5.0",
      "resolved": "https://registry.npmjs.org/node-gyp-build/-/node-gyp-build-4.5.0.tgz",
      "integrity": "sha512-2iGbaQBV+ITgCz76ZEjmhUKAKVf7xfY1sRl4UiKQspfZMH2h06SyhNsnSVy50cwkFQDGLyif6m/6uFXHkOZ6rg=="
    },
    "pako": {
      "version": "2.0.4",
      "resolved": "https://registry.npmjs.org/pako/-/pako-2.0.4.tgz",
      "integrity": "sha512-v8tweI900AUkZN6heMU/4Uy4cXRc2AYNRggVmTR+dEncawDJgCdLMximOVA2p4qO57WMynangsfGRb5WD6L1Bg=="
    },
    "propagate": {
      "version": "2.0.1",
      "resolved": "https://registry.npmjs.org/propagate/-/propagate-2.0.1.tgz",
      "integrity": "sha512-vGrhOavPSTz4QVNuBNdcNXePNdNMaO1xj9yBeH1ScQPjk/rhg9sSlCXPhMkFuaNNW/syTvYqsnbIJxMBfRbbag=="
    },
    "regenerator-runtime": {
      "version": "0.13.9",
      "resolved": "https://registry.npmjs.org/regenerator-runtime/-/regenerator-runtime-0.13.9.tgz",
      "integrity": "sha512-p3VT+cOEgxFsRRA9X4lkI1E+k2/CtnKtU4gcxyaCUreilL/vqI6CdZ3wxVUx3UOUg+gnUOQQcRI7BmSI656MYA=="
    },
    "rxjs": {
      "version": "7.5.5",
      "resolved": "https://registry.npmjs.org/rxjs/-/rxjs-7.5.5.tgz",
      "integrity": "sha512-sy+H0pQofO95VDmFLzyaw9xNJU4KTRSwQIGM6+iG3SypAtCiLDzpeG8sJrNCWn2Up9km+KhkvTdbkrdy+yzZdw==",
      "requires": {
        "tslib": "^2.1.0"
      }
    },
    "store": {
      "version": "2.0.12",
      "resolved": "https://registry.npmjs.org/store/-/store-2.0.12.tgz",
      "integrity": "sha512-eO9xlzDpXLiMr9W1nQ3Nfp9EzZieIQc10zPPMP5jsVV7bLOziSFFBP0XoDXACEIFtdI+rIz0NwWVA/QVJ8zJtw=="
    },
    "tr46": {
      "version": "0.0.3",
      "resolved": "https://registry.npmjs.org/tr46/-/tr46-0.0.3.tgz",
      "integrity": "sha512-N3WMsuqV66lT30CrXNbEjx4GEwlow3v6rr4mCcv6prnfwhS01rkgyFdjPNBYd9br7LpXV1+Emh01fHnq2Gdgrw=="
    },
    "tslib": {
      "version": "2.4.0",
      "resolved": "https://registry.npmjs.org/tslib/-/tslib-2.4.0.tgz",
      "integrity": "sha512-d6xOpEDfsi2CZVlPQzGeux8XMwLT9hssAsaPYExaQMuYskwb+x1x7J371tWlbBdWHroy99KnVB6qIkUbs5X3UQ=="
    },
    "tweetnacl": {
      "version": "1.0.3",
      "resolved": "https://registry.npmjs.org/tweetnacl/-/tweetnacl-1.0.3.tgz",
      "integrity": "sha512-6rt+RN7aOi1nGMyC4Xa5DdYiukl2UWCbcJft7YhxReBGQD7OAM8Pbxw6YMo4r2diNEA8FEmu32YOn9rhaiE5yw=="
    },
    "type": {
      "version": "1.2.0",
      "resolved": "https://registry.npmjs.org/type/-/type-1.2.0.tgz",
      "integrity": "sha512-+5nt5AAniqsCnu2cEQQdpzCAh33kVx8n0VoFidKpB1dVVLAN/F+bgVOqOJqOnEnrhp222clB5p3vUlD+1QAnfg=="
    },
    "typedarray-to-buffer": {
      "version": "3.1.5",
      "resolved": "https://registry.npmjs.org/typedarray-to-buffer/-/typedarray-to-buffer-3.1.5.tgz",
      "integrity": "sha512-zdu8XMNEDepKKR+XYOXAVPtWui0ly0NtohUscw+UmaHiAWT8hrV1rr//H6V+0DvJ3OQ19S979M0laLfX8rm82Q==",
      "requires": {
        "is-typedarray": "^1.0.0"
      }
    },
    "utf-8-validate": {
      "version": "5.0.9",
      "resolved": "https://registry.npmjs.org/utf-8-validate/-/utf-8-validate-5.0.9.tgz",
      "integrity": "sha512-Yek7dAy0v3Kl0orwMlvi7TPtiCNrdfHNd7Gcc/pLq4BLXqfAmd0J7OWMizUQnTTJsyjKn02mU7anqwfmUP4J8Q==",
      "requires": {
        "node-gyp-build": "^4.3.0"
      }
    },
    "webidl-conversions": {
      "version": "3.0.1",
      "resolved": "https://registry.npmjs.org/webidl-conversions/-/webidl-conversions-3.0.1.tgz",
      "integrity": "sha512-2JAn3z8AR6rjK8Sm8orRC0h/bcl/DqL7tRPdGZ4I1CjdF+EaMLmYxBHyXuKL849eucPFhvBoxMsflfOb8kxaeQ=="
    },
    "websocket": {
      "version": "1.0.34",
      "resolved": "https://registry.npmjs.org/websocket/-/websocket-1.0.34.tgz",
      "integrity": "sha512-PRDso2sGwF6kM75QykIesBijKSVceR6jL2G8NGYyq2XrItNC2P5/qL5XeR056GhA+Ly7JMFvJb9I312mJfmqnQ==",
      "requires": {
        "bufferutil": "^4.0.1",
        "debug": "^2.2.0",
        "es5-ext": "^0.10.50",
        "typedarray-to-buffer": "^3.1.5",
        "utf-8-validate": "^5.0.2",
        "yaeti": "^0.0.6"
      }
    },
    "whatwg-url": {
      "version": "5.0.0",
      "resolved": "https://registry.npmjs.org/whatwg-url/-/whatwg-url-5.0.0.tgz",
      "integrity": "sha512-saE57nupxk6v3HY35+jzBwYa0rKSy0XR8JSxZPwgLr7ys0IBzhGviA1/TUGJLmSVqs8pb9AnvICXEuOHLprYTw==",
      "requires": {
        "tr46": "~0.0.3",
        "webidl-conversions": "^3.0.0"
      }
    },
    "yaeti": {
      "version": "0.0.6",
      "resolved": "https://registry.npmjs.org/yaeti/-/yaeti-0.0.6.tgz",
      "integrity": "sha512-MvQa//+KcZCUkBTIC9blM+CU9J2GzuTytsOUwf2lidtvkx/6gnEp1QvJv34t9vdjhFmha/mUiNDbN0D0mJWdug=="
    }
  }
}
